
Microsoft Visual Studio Solution File, Format Version 12.00
# Visual Studio Version 17
VisualStudioVersion = 17.11.35327.3
MinimumVisualStudioVersion = 10.0.40219.1
Project("{FAE04EC0-301F-11D3-BF4B-00C04F79EFBC}") = "Return Item", "Return Item\Return Item.csproj", "{AA55D94C-6C20-43FB-8BFB-B17C8484B51F}"
EndProject
Global
	GlobalSection(SolutionConfigurationPlatforms) = preSolution
		Debug|Any CPU = Debug|Any CPU
		Release|Any CPU = Release|Any CPU
	EndGlobalSection
	GlobalSection(ProjectConfigurationPlatforms) = postSolution
		{AA55D94C-6C20-43FB-8BFB-B17C8484B51F}.Debug|Any CPU.ActiveCfg = Debug|Any CPU
		{AA55D94C-6C20-43FB-8BFB-B17C8484B51F}.Debug|Any CPU.Build.0 = Debug|Any CPU
		{AA55D94C-6C20-43FB-8BFB-B17C8484B51F}.Release|Any CPU.ActiveCfg = Release|Any CPU
		{AA55D94C-6C20-43FB-8BFB-B17C8484B51F}.Release|Any CPU.Build.0 = Release|Any CPU
	EndGlobalSection
	GlobalSection(SolutionProperties) = preSolution
		HideSolutionNode = FALSE
	EndGlobalSection
	GlobalSection(ExtensibilityGlobals) = postSolution
		SolutionGuid = {791CF46C-E266-4A75-877E-90599A30425C}
	EndGlobalSection
EndGlobal
